
Microsoft Visual Studio Solution File, Format Version 12.00
# Visual Studio Version 17
VisualStudioVersion = 17.14.36414.22 d17.14
MinimumVisualStudioVersion = 10.0.40219.1
Project("{FAE04EC0-301F-11D3-BF4B-00C04F79EFBC}") = "MVCLearningsPOC", "MVCLearningsPOC.csproj", "{C704F2A7-821B-4696-936D-A265A0ACDEBD}"
EndProject
Global
	GlobalSection(SolutionConfigurationPlatforms) = preSolution
		Debug|Any CPU = Debug|Any CPU
		Release|Any CPU = Release|Any CPU
	EndGlobalSection
	GlobalSection(ProjectConfigurationPlatforms) = postSolution
		{C704F2A7-821B-4696-936D-A265A0ACDEBD}.Debug|Any CPU.ActiveCfg = Debug|Any CPU
		{C704F2A7-821B-4696-936D-A265A0ACDEBD}.Debug|Any CPU.Build.0 = Debug|Any CPU
		{C704F2A7-821B-4696-936D-A265A0ACDEBD}.Release|Any CPU.ActiveCfg = Release|Any CPU
		{C704F2A7-821B-4696-936D-A265A0ACDEBD}.Release|Any CPU.Build.0 = Release|Any CPU
	EndGlobalSection
	GlobalSection(SolutionProperties) = preSolution
		HideSolutionNode = FALSE
	EndGlobalSection
	GlobalSection(ExtensibilityGlobals) = postSolution
		SolutionGuid = {112555E0-BC65-4E89-8D9D-E40ECBC50C2B}
	EndGlobalSection
EndGlobal
